// !$*UTF8*$!
{
	archiveVersion = 1;
	classes = {
	};
	objectVersion = 50;
	objects = {

/* Begin PBXBuildFile section */
		87B1D51F27D35EA100E05EEB /* KernelRW.cpp in Sources */ = {isa = PBXBuildFile; fileRef = 87B1D51D27D35EA100E05EEB /* KernelRW.cpp */; };
		87B1D52027D35EA100E05EEB /* libgeneral_exception.cpp in Sources */ = {isa = PBXBuildFile; fileRef = 87B1D51E27D35EA100E05EEB /* libgeneral_exception.cpp */; };
		87B1D52827D3603100E05EEB /* stage3.cpp in Sources */ = {isa = PBXBuildFile; fileRef = 87B1D52727D3603100E05EEB /* stage3.cpp */; };
		F17054DB27D1EA6100D9CDB7 /* AppDelegate.m in Sources */ = {isa = PBXBuildFile; fileRef = F17054DA27D1EA6100D9CDB7 /* AppDelegate.m */; };
		F17054DE27D1EA6100D9CDB7 /* SceneDelegate.m in Sources */ = {isa = PBXBuildFile; fileRef = F17054DD27D1EA6100D9CDB7 /* SceneDelegate.m */; };
		F17054E127D1EA6100D9CDB7 /* ViewController.m in Sources */ = {isa = PBXBuildFile; fileRef = F17054E027D1EA6100D9CDB7 /* ViewController.m */; };
		F17054E427D1EA6100D9CDB7 /* Main.storyboard in Resources */ = {isa = PBXBuildFile; fileRef = F17054E227D1EA6100D9CDB7 /* Main.storyboard */; };
		F17054E627D1EA6200D9CDB7 /* Assets.xcassets in Resources */ = {isa = PBXBuildFile; fileRef = F17054E527D1EA6200D9CDB7 /* Assets.xcassets */; };
		F17054E927D1EA6200D9CDB7 /* LaunchScreen.storyboard in Resources */ = {isa = PBXBuildFile; fileRef = F17054E727D1EA6200D9CDB7 /* LaunchScreen.storyboard */; };
		F17054EC27D1EA6200D9CDB7 /* main.m in Sources */ = {isa = PBXBuildFile; fileRef = F17054EB27D1EA6200D9CDB7 /* main.m */; };
		F170550327D1EAAC00D9CDB7 /* LICENSE in Resources */ = {isa = PBXBuildFile; fileRef = F17054FD27D1EAAC00D9CDB7 /* LICENSE */; };
		F170550427D1EAAC00D9CDB7 /* desc_race.c in Sources */ = {isa = PBXBuildFile; fileRef = F17054FF27D1EAAC00D9CDB7 /* desc_race.c */; };
		F170550527D1EAAC00D9CDB7 /* README.md in Resources */ = {isa = PBXBuildFile; fileRef = F170550027D1EAAC00D9CDB7 /* README.md */; };
		F170550627D1EAAC00D9CDB7 /* spray_stuff.c in Sources */ = {isa = PBXBuildFile; fileRef = F170550127D1EAAC00D9CDB7 /* spray_stuff.c */; };
/* End PBXBuildFile section */

/* Begin PBXFileReference section */
		87B1D51C27D35EA100E05EEB /* KernelRW.hpp */ = {isa = PBXFileReference; fileEncoding = 4; lastKnownFileType = sourcecode.cpp.h; path = KernelRW.hpp; sourceTree = "<group>"; };
		87B1D51D27D35EA100E05EEB /* KernelRW.cpp */ = {isa = PBXFileReference; fileEncoding = 4; lastKnownFileType = sourcecode.cpp.cpp; path = KernelRW.cpp; sourceTree = "<group>"; };
		87B1D51E27D35EA100E05EEB /* libgeneral_exception.cpp */ = {isa = PBXFileReference; fileEncoding = 4; lastKnownFileType = sourcecode.cpp.cpp; path = libgeneral_exception.cpp; sourceTree = "<group>"; };
		87B1D52127D35EEC00E05EEB /* macros.h */ = {isa = PBXFileReference; lastKnownFileType = sourcecode.c.h; path = macros.h; sourceTree = "<group>"; };
		87B1D52227D35F2100E05EEB /* libgeneral_exception.hpp */ = {isa = PBXFileReference; lastKnownFileType = sourcecode.cpp.h; path = libgeneral_exception.hpp; sourceTree = "<group>"; };
		87B1D52627D3603100E05EEB /* stage3.h */ = {isa = PBXFileReference; lastKnownFileType = sourcecode.c.h; path = stage3.h; sourceTree = "<group>"; };
		87B1D52727D3603100E05EEB /* stage3.cpp */ = {isa = PBXFileReference; lastKnownFileType = sourcecode.cpp.cpp; path = stage3.cpp; sourceTree = "<group>"; };
		F17054D627D1EA6100D9CDB7 /* Desc Race Test.app */ = {isa = PBXFileReference; explicitFileType = wrapper.application; includeInIndex = 0; path = "Desc Race Test.app"; sourceTree = BUILT_PRODUCTS_DIR; };
		F17054D927D1EA6100D9CDB7 /* AppDelegate.h */ = {isa = PBXFileReference; lastKnownFileType = sourcecode.c.h; path = AppDelegate.h; sourceTree = "<group>"; };
		F17054DA27D1EA6100D9CDB7 /* AppDelegate.m */ = {isa = PBXFileReference; lastKnownFileType = sourcecode.c.objc; path = AppDelegate.m; sourceTree = "<group>"; };
		F17054DC27D1EA6100D9CDB7 /* SceneDelegate.h */ = {isa = PBXFileReference; lastKnownFileType = sourcecode.c.h; path = SceneDelegate.h; sourceTree = "<group>"; };
		F17054DD27D1EA6100D9CDB7 /* SceneDelegate.m */ = {isa = PBXFileReference; lastKnownFileType = sourcecode.c.objc; path = SceneDelegate.m; sourceTree = "<group>"; };
		F17054DF27D1EA6100D9CDB7 /* ViewController.h */ = {isa = PBXFileReference; lastKnownFileType = sourcecode.c.h; path = ViewController.h; sourceTree = "<group>"; };
		F17054E027D1EA6100D9CDB7 /* ViewController.m */ = {isa = PBXFileReference; lastKnownFileType = sourcecode.c.objc; path = ViewController.m; sourceTree = "<group>"; };
		F17054E327D1EA6100D9CDB7 /* Base */ = {isa = PBXFileReference; lastKnownFileType = file.storyboard; name = Base; path = Base.lproj/Main.storyboard; sourceTree = "<group>"; };
		F17054E527D1EA6200D9CDB7 /* Assets.xcassets */ = {isa = PBXFileReference; lastKnownFileType = folder.assetcatalog; path = Assets.xcassets; sourceTree = "<group>"; };
		F17054E827D1EA6200D9CDB7 /* Base */ = {isa = PBXFileReference; lastKnownFileType = file.storyboard; name = Base; path = Base.lproj/LaunchScreen.storyboard; sourceTree = "<group>"; };
		F17054EA27D1EA6200D9CDB7 /* Info.plist */ = {isa = PBXFileReference; lastKnownFileType = text.plist.xml; path = Info.plist; sourceTree = "<group>"; };
		F17054EB27D1EA6200D9CDB7 /* main.m */ = {isa = PBXFileReference; lastKnownFileType = sourcecode.c.objc; path = main.m; sourceTree = "<group>"; };
		F17054FD27D1EAAC00D9CDB7 /* LICENSE */ = {isa = PBXFileReference; fileEncoding = 4; lastKnownFileType = text; path = LICENSE; sourceTree = "<group>"; };
		F17054FE27D1EAAC00D9CDB7 /* desc_race.h */ = {isa = PBXFileReference; fileEncoding = 4; lastKnownFileType = sourcecode.c.h; path = desc_race.h; sourceTree = "<group>"; };
		F17054FF27D1EAAC00D9CDB7 /* desc_race.c */ = {isa = PBXFileReference; fileEncoding = 4; lastKnownFileType = sourcecode.c.c; path = desc_race.c; sourceTree = "<group>"; };
		F170550027D1EAAC00D9CDB7 /* README.md */ = {isa = PBXFileReference; fileEncoding = 4; lastKnownFileType = net.daringfireball.markdown; path = README.md; sourceTree = "<group>"; };
		F170550127D1EAAC00D9CDB7 /* spray_stuff.c */ = {isa = PBXFileReference; fileEncoding = 4; lastKnownFileType = sourcecode.c.c; path = spray_stuff.c; sourceTree = "<group>"; };
		F170550227D1EAAC00D9CDB7 /* spray_stuff.h */ = {isa = PBXFileReference; fileEncoding = 4; lastKnownFileType = sourcecode.c.h; path = spray_stuff.h; sourceTree = "<group>"; };
		F170550727D1EB3800D9CDB7 /* iokit.h */ = {isa = PBXFileReference; fileEncoding = 4; lastKnownFileType = sourcecode.c.h; path = iokit.h; sourceTree = "<group>"; };
/* End PBXFileReference section */

/* Begin PBXFrameworksBuildPhase section */
		F17054D327D1EA6100D9CDB7 /* Frameworks */ = {
			isa = PBXFrameworksBuildPhase;
			buildActionMask = 2147483647;
			files = (
			);
			runOnlyForDeploymentPostprocessing = 0;
		};
/* End PBXFrameworksBuildPhase section */

/* Begin PBXGroup section */
		87B1D51B27D35E8700E05EEB /* common */ = {
			isa = PBXGroup;
			children = (
				87B1D51C27D35EA100E05EEB /* KernelRW.hpp */,
				87B1D51D27D35EA100E05EEB /* KernelRW.cpp */,
				87B1D52127D35EEC00E05EEB /* macros.h */,
				87B1D52227D35F2100E05EEB /* libgeneral_exception.hpp */,
				87B1D51E27D35EA100E05EEB /* libgeneral_exception.cpp */,
			);
			path = common;
			sourceTree = "<group>";
		};
		F17054CD27D1EA6100D9CDB7 = {
			isa = PBXGroup;
			children = (
				F17054D827D1EA6100D9CDB7 /* Desc Race Test */,
				F17054D727D1EA6100D9CDB7 /* Products */,
			);
			sourceTree = "<group>";
		};
		F17054D727D1EA6100D9CDB7 /* Products */ = {
			isa = PBXGroup;
			children = (
				F17054D627D1EA6100D9CDB7 /* Desc Race Test.app */,
			);
			name = Products;
			sourceTree = "<group>";
		};
		F17054D827D1EA6100D9CDB7 /* Desc Race Test */ = {
			isa = PBXGroup;
			children = (
				F17054F227D1EA8C00D9CDB7 /* exploit */,
				87B1D51B27D35E8700E05EEB /* common */,
				F17054D927D1EA6100D9CDB7 /* AppDelegate.h */,
				F17054DA27D1EA6100D9CDB7 /* AppDelegate.m */,
				F17054DC27D1EA6100D9CDB7 /* SceneDelegate.h */,
				F17054DD27D1EA6100D9CDB7 /* SceneDelegate.m */,
				F17054DF27D1EA6100D9CDB7 /* ViewController.h */,
				F17054E027D1EA6100D9CDB7 /* ViewController.m */,
				F17054E227D1EA6100D9CDB7 /* Main.storyboard */,
				F17054E527D1EA6200D9CDB7 /* Assets.xcassets */,
				F17054E727D1EA6200D9CDB7 /* LaunchScreen.storyboard */,
				F17054EA27D1EA6200D9CDB7 /* Info.plist */,
				F17054EB27D1EA6200D9CDB7 /* main.m */,
			);
			path = "Desc Race Test";
			sourceTree = "<group>";
		};
		F17054F227D1EA8C00D9CDB7 /* exploit */ = {
			isa = PBXGroup;
			children = (
				F170550727D1EB3800D9CDB7 /* iokit.h */,
				F17054FE27D1EAAC00D9CDB7 /* desc_race.h */,
				F17054FF27D1EAAC00D9CDB7 /* desc_race.c */,
				F17054FD27D1EAAC00D9CDB7 /* LICENSE */,
				F170550027D1EAAC00D9CDB7 /* README.md */,
				F170550227D1EAAC00D9CDB7 /* spray_stuff.h */,
				F170550127D1EAAC00D9CDB7 /* spray_stuff.c */,
				87B1D52627D3603100E05EEB /* stage3.h */,
				87B1D52727D3603100E05EEB /* stage3.cpp */,
			);
			path = exploit;
			sourceTree = "<group>";
		};
/* End PBXGroup section */

/* Begin PBXNativeTarget section */
		F17054D527D1EA6100D9CDB7 /* Desc Race Test */ = {
			isa = PBXNativeTarget;
			buildConfigurationList = F17054EF27D1EA6200D9CDB7 /* Build configuration list for PBXNativeTarget "Desc Race Test" */;
			buildPhases = (
				F17054D227D1EA6100D9CDB7 /* Sources */,
				F17054D327D1EA6100D9CDB7 /* Frameworks */,
				F17054D427D1EA6100D9CDB7 /* Resources */,
			);
			buildRules = (
			);
			dependencies = (
			);
			name = "Desc Race Test";
			productName = "Desc Race Test";
			productReference = F17054D627D1EA6100D9CDB7 /* Desc Race Test.app */;
			productType = "com.apple.product-type.application";
		};
/* End PBXNativeTarget section */

/* Begin PBXProject section */
		F17054CE27D1EA6100D9CDB7 /* Project object */ = {
			isa = PBXProject;
			attributes = {
				LastUpgradeCheck = 1250;
				TargetAttributes = {
					F17054D527D1EA6100D9CDB7 = {
						CreatedOnToolsVersion = 12.5.1;
					};
				};
			};
			buildConfigurationList = F17054D127D1EA6100D9CDB7 /* Build configuration list for PBXProject "Desc Race Test" */;
			compatibilityVersion = "Xcode 9.3";
			developmentRegion = en;
			hasScannedForEncodings = 0;
			knownRegions = (
				en,
				Base,
			);
			mainGroup = F17054CD27D1EA6100D9CDB7;
			productRefGroup = F17054D727D1EA6100D9CDB7 /* Products */;
			projectDirPath = "";
			projectRoot = "";
			targets = (
				F17054D527D1EA6100D9CDB7 /* Desc Race Test */,
			);
		};
/* End PBXProject section */

/* Begin PBXResourcesBuildPhase section */
		F17054D427D1EA6100D9CDB7 /* Resources */ = {
			isa = PBXResourcesBuildPhase;
			buildActionMask = 2147483647;
			files = (
				F17054E927D1EA6200D9CDB7 /* LaunchScreen.storyboard in Resources */,
				F17054E627D1EA6200D9CDB7 /* Assets.xcassets in Resources */,
				F170550527D1EAAC00D9CDB7 /* README.md in Resources */,
				F170550327D1EAAC00D9CDB7 /* LICENSE in Resources */,
				F17054E427D1EA6100D9CDB7 /* Main.storyboard in Resources */,
			);
			runOnlyForDeploymentPostprocessing = 0;
		};
/* End PBXResourcesBuildPhase section */

/* Begin PBXSourcesBuildPhase section */
		F17054D227D1EA6100D9CDB7 /* Sources */ = {
			isa = PBXSourcesBuildPhase;
			buildActionMask = 2147483647;
			files = (
				F17054E127D1EA6100D9CDB7 /* ViewController.m in Sources */,
				87B1D51F27D35EA100E05EEB /* KernelRW.cpp in Sources */,
				F170550427D1EAAC00D9CDB7 /* desc_race.c in Sources */,
				F17054DB27D1EA6100D9CDB7 /* AppDelegate.m in Sources */,
				87B1D52827D3603100E05EEB /* stage3.cpp in Sources */,
				87B1D52027D35EA100E05EEB /* libgeneral_exception.cpp in Sources */,
				F17054EC27D1EA6200D9CDB7 /* main.m in Sources */,
				F170550627D1EAAC00D9CDB7 /* spray_stuff.c in Sources */,
				F17054DE27D1EA6100D9CDB7 /* SceneDelegate.m in Sources */,
			);
			runOnlyForDeploymentPostprocessing = 0;
		};
/* End PBXSourcesBuildPhase section */

/* Begin PBXVariantGroup section */
		F17054E227D1EA6100D9CDB7 /* Main.storyboard */ = {
			isa = PBXVariantGroup;
			children = (
				F17054E327D1EA6100D9CDB7 /* Base */,
			);
			name = Main.storyboard;
			sourceTree = "<group>";
		};
		F17054E727D1EA6200D9CDB7 /* LaunchScreen.storyboard */ = {
			isa = PBXVariantGroup;
			children = (
				F17054E827D1EA6200D9CDB7 /* Base */,
			);
			name = LaunchScreen.storyboard;
			sourceTree = "<group>";
		};
/* End PBXVariantGroup section */

/* Begin XCBuildConfiguration section */
		F17054ED27D1EA6200D9CDB7 /* Debug */ = {
			isa = XCBuildConfiguration;
			buildSettings = {
				ALWAYS_SEARCH_USER_PATHS = NO;
				CLANG_ANALYZER_NONNULL = YES;
				CLANG_ANALYZER_NUMBER_OBJECT_CONVERSION = YES_AGGRESSIVE;
				CLANG_CXX_LANGUAGE_STANDARD = "gnu++14";
				CLANG_CXX_LIBRARY = "libc++";
				CLANG_ENABLE_MODULES = YES;
				CLANG_ENABLE_OBJC_ARC = YES;
				CLANG_ENABLE_OBJC_WEAK = YES;
				CLANG_WARN_BLOCK_CAPTURE_AUTORELEASING = YES;
				CLANG_WARN_BOOL_CONVERSION = YES;
				CLANG_WARN_COMMA = YES;
				CLANG_WARN_CONSTANT_CONVERSION = YES;
				CLANG_WARN_DEPRECATED_OBJC_IMPLEMENTATIONS = YES;
				CLANG_WARN_DIRECT_OBJC_ISA_USAGE = YES_ERROR;
				CLANG_WARN_DOCUMENTATION_COMMENTS = YES;
				CLANG_WARN_EMPTY_BODY = YES;
				CLANG_WARN_ENUM_CONVERSION = YES;
				CLANG_WARN_INFINITE_RECURSION = YES;
				CLANG_WARN_INT_CONVERSION = YES;
				CLANG_WARN_NON_LITERAL_NULL_CONVERSION = YES;
				CLANG_WARN_OBJC_IMPLICIT_RETAIN_SELF = YES;
				CLANG_WARN_OBJC_LITERAL_CONVERSION = YES;
				CLANG_WARN_OBJC_ROOT_CLASS = YES_ERROR;
				CLANG_WARN_QUOTED_INCLUDE_IN_FRAMEWORK_HEADER = YES;
				CLANG_WARN_RANGE_LOOP_ANALYSIS = YES;
				CLANG_WARN_STRICT_PROTOTYPES = YES;
				CLANG_WARN_SUSPICIOUS_MOVE = YES;
				CLANG_WARN_UNGUARDED_AVAILABILITY = YES_AGGRESSIVE;
				CLANG_WARN_UNREACHABLE_CODE = YES;
				CLANG_WARN__DUPLICATE_METHOD_MATCH = YES;
				COPY_PHASE_STRIP = NO;
				DEBUG_INFORMATION_FORMAT = dwarf;
				ENABLE_STRICT_OBJC_MSGSEND = YES;
				ENABLE_TESTABILITY = YES;
				GCC_C_LANGUAGE_STANDARD = gnu11;
				GCC_DYNAMIC_NO_PIC = NO;
				GCC_NO_COMMON_BLOCKS = YES;
				GCC_OPTIMIZATION_LEVEL = 0;
				GCC_PREPROCESSOR_DEFINITIONS = (
					"DEBUG=1",
					"$(inherited)",
				);
				GCC_WARN_64_TO_32_BIT_CONVERSION = YES;
				GCC_WARN_ABOUT_RETURN_TYPE = YES_ERROR;
				GCC_WARN_UNDECLARED_SELECTOR = YES;
				GCC_WARN_UNINITIALIZED_AUTOS = YES_AGGRESSIVE;
				GCC_WARN_UNUSED_FUNCTION = YES;
				GCC_WARN_UNUSED_VARIABLE = YES;
				IPHONEOS_DEPLOYMENT_TARGET = 14.5;
				MTL_ENABLE_DEBUG_INFO = INCLUDE_SOURCE;
				MTL_FAST_MATH = YES;
				ONLY_ACTIVE_ARCH = YES;
				OTHER_LDFLAGS = (
					"-framework",
					IOKit,
				);
				SDKROOT = iphoneos;
			};
			name = Debug;
		};
		F17054EE27D1EA6200D9CDB7 /* Release */ = {
			isa = XCBuildConfiguration;
			buildSettings = {
				ALWAYS_SEARCH_USER_PATHS = NO;
				CLANG_ANALYZER_NONNULL = YES;
				CLANG_ANALYZER_NUMBER_OBJECT_CONVERSION = YES_AGGRESSIVE;
				CLANG_CXX_LANGUAGE_STANDARD = "gnu++14";
				CLANG_CXX_LIBRARY = "libc++";
				CLANG_ENABLE_MODULES = YES;
				CLANG_ENABLE_OBJC_ARC = YES;
				CLANG_ENABLE_OBJC_WEAK = YES;
				CLANG_WARN_BLOCK_CAPTURE_AUTORELEASING = YES;
				CLANG_WARN_BOOL_CONVERSION = YES;
				CLANG_WARN_COMMA = YES;
				CLANG_WARN_CONSTANT_CONVERSION = YES;
				CLANG_WARN_DEPRECATED_OBJC_IMPLEMENTATIONS = YES;
				CLANG_WARN_DIRECT_OBJC_ISA_USAGE = YES_ERROR;
				CLANG_WARN_DOCUMENTATION_COMMENTS = YES;
				CLANG_WARN_EMPTY_BODY = YES;
				CLANG_WARN_ENUM_CONVERSION = YES;
				CLANG_WARN_INFINITE_RECURSION = YES;
				CLANG_WARN_INT_CONVERSION = YES;
				CLANG_WARN_NON_LITERAL_NULL_CONVERSION = YES;
				CLANG_WARN_OBJC_IMPLICIT_RETAIN_SELF = YES;
				CLANG_WARN_OBJC_LITERAL_CONVERSION = YES;
				CLANG_WARN_OBJC_ROOT_CLASS = YES_ERROR;
				CLANG_WARN_QUOTED_INCLUDE_IN_FRAMEWORK_HEADER = YES;
				CLANG_WARN_RANGE_LOOP_ANALYSIS = YES;
				CLANG_WARN_STRICT_PROTOTYPES = YES;
				CLANG_WARN_SUSPICIOUS_MOVE = YES;
				CLANG_WARN_UNGUARDED_AVAILABILITY = YES_AGGRESSIVE;
				CLANG_WARN_UNREACHABLE_CODE = YES;
				CLANG_WARN__DUPLICATE_METHOD_MATCH = YES;
				COPY_PHASE_STRIP = NO;
				DEBUG_INFORMATION_FORMAT = "dwarf-with-dsym";
				ENABLE_NS_ASSERTIONS = NO;
				ENABLE_STRICT_OBJC_MSGSEND = YES;
				GCC_C_LANGUAGE_STANDARD = gnu11;
				GCC_NO_COMMON_BLOCKS = YES;
				GCC_WARN_64_TO_32_BIT_CONVERSION = YES;
				GCC_WARN_ABOUT_RETURN_TYPE = YES_ERROR;
				GCC_WARN_UNDECLARED_SELECTOR = YES;
				GCC_WARN_UNINITIALIZED_AUTOS = YES_AGGRESSIVE;
				GCC_WARN_UNUSED_FUNCTION = YES;
				GCC_WARN_UNUSED_VARIABLE = YES;
				IPHONEOS_DEPLOYMENT_TARGET = 14.5;
				MTL_ENABLE_DEBUG_INFO = NO;
				MTL_FAST_MATH = YES;
				OTHER_LDFLAGS = (
					"-framework",
					IOKit,
				);
				SDKROOT = iphoneos;
				VALIDATE_PRODUCT = YES;
			};
			name = Release;
		};
		F17054F027D1EA6200D9CDB7 /* Debug */ = {
			isa = XCBuildConfiguration;
			buildSettings = {
				ASSETCATALOG_COMPILER_APPICON_NAME = AppIcon;
				ASSETCATALOG_COMPILER_GLOBAL_ACCENT_COLOR_NAME = AccentColor;
				CODE_SIGN_STYLE = Automatic;
				DEVELOPMENT_TEAM = 2H3GC964X8;
				INFOPLIST_FILE = "Desc Race Test/Info.plist";
				LD_RUNPATH_SEARCH_PATHS = (
					"$(inherited)",
					"@executable_path/Frameworks",
				);
				PRODUCT_BUNDLE_IDENTIFIER = "org.coolstar.Desc-Race-Test";
				PRODUCT_NAME = "$(TARGET_NAME)";
				TARGETED_DEVICE_FAMILY = "1,2";
			};
			name = Debug;
		};
		F17054F127D1EA6200D9CDB7 /* Release */ = {
			isa = XCBuildConfiguration;
			buildSettings = {
				ASSETCATALOG_COMPILER_APPICON_NAME = AppIcon;
				ASSETCATALOG_COMPILER_GLOBAL_ACCENT_COLOR_NAME = AccentColor;
				CODE_SIGN_STYLE = Automatic;
				DEVELOPMENT_TEAM = 2H3GC964X8;
				INFOPLIST_FILE = "Desc Race Test/Info.plist";
				LD_RUNPATH_SEARCH_PATHS = (
					"$(inherited)",
					"@executable_path/Frameworks",
				);
				PRODUCT_BUNDLE_IDENTIFIER = "org.coolstar.Desc-Race-Test";
				PRODUCT_NAME = "$(TARGET_NAME)";
				TARGETED_DEVICE_FAMILY = "1,2";
			};
			name = Release;
		};
/* End XCBuildConfiguration section */

/* Begin XCConfigurationList section */
		F17054D127D1EA6100D9CDB7 /* Build configuration list for PBXProject "Desc Race Test" */ = {
			isa = XCConfigurationList;
			buildConfigurations = (
				F17054ED27D1EA6200D9CDB7 /* Debug */,
				F17054EE27D1EA6200D9CDB7 /* Release */,
			);
			defaultConfigurationIsVisible = 0;
			defaultConfigurationName = Release;
		};
		F17054EF27D1EA6200D9CDB7 /* Build configuration list for PBXNativeTarget "Desc Race Test" */ = {
			isa = XCConfigurationList;
			buildConfigurations = (
				F17054F027D1EA6200D9CDB7 /* Debug */,
				F17054F127D1EA6200D9CDB7 /* Release */,
			);
			defaultConfigurationIsVisible = 0;
			defaultConfigurationName = Release;
		};
/* End XCConfigurationList section */
	};
	rootObject = F17054CE27D1EA6100D9CDB7 /* Project object */;
}
